# THIS IS AN AUTOGENERATED FILE. DO NOT EDIT THIS FILE DIRECTLY.
# yarn lockfile v1


"@guardian/automat-deps@^0.3.0":
  version "0.3.0"
  resolved "https://registry.yarnpkg.com/@guardian/automat-deps/-/automat-deps-0.3.0.tgz#93b859ce38f0ccb9ec11f3a5aec132563476d480"
  integrity sha512-KoAvRHb2By/xiLUUIN/LGvpr1m4+vu+srsoTQHR8cMI9tAiOPEGo5uNkSXt0vOWRNURjoT4AjBydZ0mdtUxmdg==

typescript@^3.9.7:
  version "3.9.7"
  resolved "https://registry.yarnpkg.com/typescript/-/typescript-3.9.7.tgz#98d600a5ebdc38f40cb277522f12dc800e9e25fa"
  integrity sha512-BLbiRkiBzAwsjut4x/dsibSTB6yWpwT5qWmC2OfuCg3GgVQCSgMs4vEctYPhsaGtd0AeuuHMkjZ2h2WG8MSzRw==
